
Microsoft Visual Studio Solution File, Format Version 12.00
# Visual Studio 15
VisualStudioVersion = 15.0.27004.2008
MinimumVisualStudioVersion = 10.0.40219.1
Project("{FAE04EC0-301F-11D3-BF4B-00C04F79EFBC}") = "rc4", "rc4\rc4.csproj", "{8A253CBD-3FF1-41E0-A96F-D05FDC6C2759}"
EndProject
Global
	GlobalSection(SolutionConfigurationPlatforms) = preSolution
		Debug|Any CPU = Debug|Any CPU
		Release|Any CPU = Release|Any CPU
	EndGlobalSection
	GlobalSection(ProjectConfigurationPlatforms) = postSolution
		{8A253CBD-3FF1-41E0-A96F-D05FDC6C2759}.Debug|Any CPU.ActiveCfg = Debug|Any CPU
		{8A253CBD-3FF1-41E0-A96F-D05FDC6C2759}.Debug|Any CPU.Build.0 = Debug|Any CPU
		{8A253CBD-3FF1-41E0-A96F-D05FDC6C2759}.Release|Any CPU.ActiveCfg = Release|Any CPU
		{8A253CBD-3FF1-41E0-A96F-D05FDC6C2759}.Release|Any CPU.Build.0 = Release|Any CPU
	EndGlobalSection
	GlobalSection(SolutionProperties) = preSolution
		HideSolutionNode = FALSE
	EndGlobalSection
	GlobalSection(ExtensibilityGlobals) = postSolution
		SolutionGuid = {3D9D89C2-F3BF-4257-8EBE-D67BFF063C5C}
	EndGlobalSection
EndGlobal
